// !$*UTF8*$!
{
	archiveVersion = 1;
	classes = {
	};
	objectVersion = 50;
	objects = {

/* Begin PBXBuildFile section */
		674B073423ED0561000210AE /* Expenses.swift in Sources */ = {isa = PBXBuildFile; fileRef = 674B073323ED0561000210AE /* Expenses.swift */; };
		674B075723EEF699000210AE /* ContentView.swift in Sources */ = {isa = PBXBuildFile; fileRef = 674B075623EEF699000210AE /* ContentView.swift */; };
		674B075A23EEFD6E000210AE /* MarketingView.swift in Sources */ = {isa = PBXBuildFile; fileRef = 674B075923EEFD6E000210AE /* MarketingView.swift */; };
		67ABE05E23EC63D0005A454E /* AppDelegate.swift in Sources */ = {isa = PBXBuildFile; fileRef = 67ABE05D23EC63D0005A454E /* AppDelegate.swift */; };
		67ABE06023EC63D0005A454E /* SceneDelegate.swift in Sources */ = {isa = PBXBuildFile; fileRef = 67ABE05F23EC63D0005A454E /* SceneDelegate.swift */; };
		67ABE06223EC63D0005A454E /* ViewController.swift in Sources */ = {isa = PBXBuildFile; fileRef = 67ABE06123EC63D0005A454E /* ViewController.swift */; };
		67ABE06523EC63D0005A454E /* Main.storyboard in Resources */ = {isa = PBXBuildFile; fileRef = 67ABE06323EC63D0005A454E /* Main.storyboard */; };
		67ABE06723EC63D5005A454E /* Assets.xcassets in Resources */ = {isa = PBXBuildFile; fileRef = 67ABE06623EC63D5005A454E /* Assets.xcassets */; };
		67ABE06A23EC63D5005A454E /* LaunchScreen.storyboard in Resources */ = {isa = PBXBuildFile; fileRef = 67ABE06823EC63D5005A454E /* LaunchScreen.storyboard */; };
		67C241B523EC984700D2CA83 /* GameCoordinator.swift in Sources */ = {isa = PBXBuildFile; fileRef = 67C241B423EC984700D2CA83 /* GameCoordinator.swift */; };
		67C241B723EC986700D2CA83 /* Stats.swift in Sources */ = {isa = PBXBuildFile; fileRef = 67C241B623EC986700D2CA83 /* Stats.swift */; };
		67C241B923EC987400D2CA83 /* Events.swift in Sources */ = {isa = PBXBuildFile; fileRef = 67C241B823EC987400D2CA83 /* Events.swift */; };
		67C241BB23EC98A400D2CA83 /* Misc.swift in Sources */ = {isa = PBXBuildFile; fileRef = 67C241BA23EC98A400D2CA83 /* Misc.swift */; };
		67C241BD23ECB64500D2CA83 /* Elements.swift in Sources */ = {isa = PBXBuildFile; fileRef = 67C241BC23ECB64500D2CA83 /* Elements.swift */; };
/* End PBXBuildFile section */

/* Begin PBXFileReference section */
		674B073323ED0561000210AE /* Expenses.swift */ = {isa = PBXFileReference; lastKnownFileType = sourcecode.swift; path = Expenses.swift; sourceTree = "<group>"; };
		674B075623EEF699000210AE /* ContentView.swift */ = {isa = PBXFileReference; lastKnownFileType = sourcecode.swift; path = ContentView.swift; sourceTree = "<group>"; };
		674B075923EEFD6E000210AE /* MarketingView.swift */ = {isa = PBXFileReference; lastKnownFileType = sourcecode.swift; path = MarketingView.swift; sourceTree = "<group>"; };
		67ABE05A23EC63D0005A454E /* Digital Empire.app */ = {isa = PBXFileReference; explicitFileType = wrapper.application; includeInIndex = 0; path = "Digital Empire.app"; sourceTree = BUILT_PRODUCTS_DIR; };
		67ABE05D23EC63D0005A454E /* AppDelegate.swift */ = {isa = PBXFileReference; lastKnownFileType = sourcecode.swift; path = AppDelegate.swift; sourceTree = "<group>"; };
		67ABE05F23EC63D0005A454E /* SceneDelegate.swift */ = {isa = PBXFileReference; lastKnownFileType = sourcecode.swift; path = SceneDelegate.swift; sourceTree = "<group>"; };
		67ABE06123EC63D0005A454E /* ViewController.swift */ = {isa = PBXFileReference; lastKnownFileType = sourcecode.swift; path = ViewController.swift; sourceTree = "<group>"; };
		67ABE06423EC63D0005A454E /* Base */ = {isa = PBXFileReference; lastKnownFileType = file.storyboard; name = Base; path = Base.lproj/Main.storyboard; sourceTree = "<group>"; };
		67ABE06623EC63D5005A454E /* Assets.xcassets */ = {isa = PBXFileReference; lastKnownFileType = folder.assetcatalog; path = Assets.xcassets; sourceTree = "<group>"; };
		67ABE06923EC63D5005A454E /* Base */ = {isa = PBXFileReference; lastKnownFileType = file.storyboard; name = Base; path = Base.lproj/LaunchScreen.storyboard; sourceTree = "<group>"; };
		67ABE06B23EC63D5005A454E /* Info.plist */ = {isa = PBXFileReference; lastKnownFileType = text.plist.xml; path = Info.plist; sourceTree = "<group>"; };
		67ABE07123EC63E9005A454E /* Digital Empire.entitlements */ = {isa = PBXFileReference; lastKnownFileType = text.plist.entitlements; path = "Digital Empire.entitlements"; sourceTree = "<group>"; };
		67C241B423EC984700D2CA83 /* GameCoordinator.swift */ = {isa = PBXFileReference; lastKnownFileType = sourcecode.swift; path = GameCoordinator.swift; sourceTree = "<group>"; };
		67C241B623EC986700D2CA83 /* Stats.swift */ = {isa = PBXFileReference; lastKnownFileType = sourcecode.swift; path = Stats.swift; sourceTree = "<group>"; };
		67C241B823EC987400D2CA83 /* Events.swift */ = {isa = PBXFileReference; lastKnownFileType = sourcecode.swift; path = Events.swift; sourceTree = "<group>"; };
		67C241BA23EC98A400D2CA83 /* Misc.swift */ = {isa = PBXFileReference; lastKnownFileType = sourcecode.swift; path = Misc.swift; sourceTree = "<group>"; };
		67C241BC23ECB64500D2CA83 /* Elements.swift */ = {isa = PBXFileReference; lastKnownFileType = sourcecode.swift; path = Elements.swift; sourceTree = "<group>"; };
/* End PBXFileReference section */

/* Begin PBXFrameworksBuildPhase section */
		67ABE05723EC63D0005A454E /* Frameworks */ = {
			isa = PBXFrameworksBuildPhase;
			buildActionMask = 2147483647;
			files = (
			);
			runOnlyForDeploymentPostprocessing = 0;
		};
/* End PBXFrameworksBuildPhase section */

/* Begin PBXGroup section */
		674B075523EEF675000210AE /* TestSwiftUI */ = {
			isa = PBXGroup;
			children = (
				674B075623EEF699000210AE /* ContentView.swift */,
				674B075923EEFD6E000210AE /* MarketingView.swift */,
			);
			path = TestSwiftUI;
			sourceTree = "<group>";
		};
		674B075823EEF7FA000210AE /* Delete this stuff? */ = {
			isa = PBXGroup;
			children = (
				67C241BA23EC98A400D2CA83 /* Misc.swift */,
			);
			path = "Delete this stuff?";
			sourceTree = "<group>";
		};
		67ABE05123EC63D0005A454E = {
			isa = PBXGroup;
			children = (
				67C241B323EC983400D2CA83 /* Models */,
				67ABE07423EC6488005A454E /* Media */,
				67ABE07323EC646E005A454E /* VCs */,
				674B075823EEF7FA000210AE /* Delete this stuff? */,
				674B075523EEF675000210AE /* TestSwiftUI */,
				67ABE05C23EC63D0005A454E /* Digital Empire */,
				67ABE05B23EC63D0005A454E /* Products */,
			);
			sourceTree = "<group>";
		};
		67ABE05B23EC63D0005A454E /* Products */ = {
			isa = PBXGroup;
			children = (
				67ABE05A23EC63D0005A454E /* Digital Empire.app */,
			);
			name = Products;
			sourceTree = "<group>";
		};
		67ABE05C23EC63D0005A454E /* Digital Empire */ = {
			isa = PBXGroup;
			children = (
				67ABE07123EC63E9005A454E /* Digital Empire.entitlements */,
				67ABE05D23EC63D0005A454E /* AppDelegate.swift */,
				67ABE05F23EC63D0005A454E /* SceneDelegate.swift */,
				67ABE06623EC63D5005A454E /* Assets.xcassets */,
				67ABE06823EC63D5005A454E /* LaunchScreen.storyboard */,
				67ABE06B23EC63D5005A454E /* Info.plist */,
			);
			path = "Digital Empire";
			sourceTree = "<group>";
		};
		67ABE07323EC646E005A454E /* VCs */ = {
			isa = PBXGroup;
			children = (
				67ABE06323EC63D0005A454E /* Main.storyboard */,
				67ABE06123EC63D0005A454E /* ViewController.swift */,
			);
			path = VCs;
			sourceTree = "<group>";
		};
		67ABE07423EC6488005A454E /* Media */ = {
			isa = PBXGroup;
			children = (
			);
			path = Media;
			sourceTree = "<group>";
		};
		67C241B323EC983400D2CA83 /* Models */ = {
			isa = PBXGroup;
			children = (
				67C241B423EC984700D2CA83 /* GameCoordinator.swift */,
				67C241B623EC986700D2CA83 /* Stats.swift */,
				67C241B823EC987400D2CA83 /* Events.swift */,
				674B073323ED0561000210AE /* Expenses.swift */,
				67C241BC23ECB64500D2CA83 /* Elements.swift */,
			);
			path = Models;
			sourceTree = "<group>";
		};
/* End PBXGroup section */

/* Begin PBXNativeTarget section */
		67ABE05923EC63D0005A454E /* Digital Empire */ = {
			isa = PBXNativeTarget;
			buildConfigurationList = 67ABE06E23EC63D5005A454E /* Build configuration list for PBXNativeTarget "Digital Empire" */;
			buildPhases = (
				67ABE05623EC63D0005A454E /* Sources */,
				67ABE05723EC63D0005A454E /* Frameworks */,
				67ABE05823EC63D0005A454E /* Resources */,
			);
			buildRules = (
			);
			dependencies = (
			);
			name = "Digital Empire";
			productName = "Digital Empire";
			productReference = 67ABE05A23EC63D0005A454E /* Digital Empire.app */;
			productType = "com.apple.product-type.application";
		};
/* End PBXNativeTarget section */

/* Begin PBXProject section */
		67ABE05223EC63D0005A454E /* Project object */ = {
			isa = PBXProject;
			attributes = {
				LastSwiftUpdateCheck = 1130;
				LastUpgradeCheck = 1130;
				ORGANIZATIONNAME = "Rich Life LLC";
				TargetAttributes = {
					67ABE05923EC63D0005A454E = {
						CreatedOnToolsVersion = 11.3.1;
					};
				};
			};
			buildConfigurationList = 67ABE05523EC63D0005A454E /* Build configuration list for PBXProject "Digital Empire" */;
			compatibilityVersion = "Xcode 9.3";
			developmentRegion = en;
			hasScannedForEncodings = 0;
			knownRegions = (
				en,
				Base,
			);
			mainGroup = 67ABE05123EC63D0005A454E;
			productRefGroup = 67ABE05B23EC63D0005A454E /* Products */;
			projectDirPath = "";
			projectRoot = "";
			targets = (
				67ABE05923EC63D0005A454E /* Digital Empire */,
			);
		};
/* End PBXProject section */

/* Begin PBXResourcesBuildPhase section */
		67ABE05823EC63D0005A454E /* Resources */ = {
			isa = PBXResourcesBuildPhase;
			buildActionMask = 2147483647;
			files = (
				67ABE06A23EC63D5005A454E /* LaunchScreen.storyboard in Resources */,
				67ABE06723EC63D5005A454E /* Assets.xcassets in Resources */,
				67ABE06523EC63D0005A454E /* Main.storyboard in Resources */,
			);
			runOnlyForDeploymentPostprocessing = 0;
		};
/* End PBXResourcesBuildPhase section */

/* Begin PBXSourcesBuildPhase section */
		67ABE05623EC63D0005A454E /* Sources */ = {
			isa = PBXSourcesBuildPhase;
			buildActionMask = 2147483647;
			files = (
				67C241B923EC987400D2CA83 /* Events.swift in Sources */,
				67ABE06223EC63D0005A454E /* ViewController.swift in Sources */,
				67C241B723EC986700D2CA83 /* Stats.swift in Sources */,
				67ABE05E23EC63D0005A454E /* AppDelegate.swift in Sources */,
				67C241BB23EC98A400D2CA83 /* Misc.swift in Sources */,
				67C241B523EC984700D2CA83 /* GameCoordinator.swift in Sources */,
				674B075A23EEFD6E000210AE /* MarketingView.swift in Sources */,
				674B075723EEF699000210AE /* ContentView.swift in Sources */,
				674B073423ED0561000210AE /* Expenses.swift in Sources */,
				67C241BD23ECB64500D2CA83 /* Elements.swift in Sources */,
				67ABE06023EC63D0005A454E /* SceneDelegate.swift in Sources */,
			);
			runOnlyForDeploymentPostprocessing = 0;
		};
/* End PBXSourcesBuildPhase section */

/* Begin PBXVariantGroup section */
		67ABE06323EC63D0005A454E /* Main.storyboard */ = {
			isa = PBXVariantGroup;
			children = (
				67ABE06423EC63D0005A454E /* Base */,
			);
			name = Main.storyboard;
			sourceTree = "<group>";
		};
		67ABE06823EC63D5005A454E /* LaunchScreen.storyboard */ = {
			isa = PBXVariantGroup;
			children = (
				67ABE06923EC63D5005A454E /* Base */,
			);
			name = LaunchScreen.storyboard;
			sourceTree = "<group>";
		};
/* End PBXVariantGroup section */

/* Begin XCBuildConfiguration section */
		67ABE06C23EC63D5005A454E /* Debug */ = {
			isa = XCBuildConfiguration;
			buildSettings = {
				ALWAYS_SEARCH_USER_PATHS = NO;
				CLANG_ANALYZER_NONNULL = YES;
				CLANG_ANALYZER_NUMBER_OBJECT_CONVERSION = YES_AGGRESSIVE;
				CLANG_CXX_LANGUAGE_STANDARD = "gnu++14";
				CLANG_CXX_LIBRARY = "libc++";
				CLANG_ENABLE_MODULES = YES;
				CLANG_ENABLE_OBJC_ARC = YES;
				CLANG_ENABLE_OBJC_WEAK = YES;
				CLANG_WARN_BLOCK_CAPTURE_AUTORELEASING = YES;
				CLANG_WARN_BOOL_CONVERSION = YES;
				CLANG_WARN_COMMA = YES;
				CLANG_WARN_CONSTANT_CONVERSION = YES;
				CLANG_WARN_DEPRECATED_OBJC_IMPLEMENTATIONS = YES;
				CLANG_WARN_DIRECT_OBJC_ISA_USAGE = YES_ERROR;
				CLANG_WARN_DOCUMENTATION_COMMENTS = YES;
				CLANG_WARN_EMPTY_BODY = YES;
				CLANG_WARN_ENUM_CONVERSION = YES;
				CLANG_WARN_INFINITE_RECURSION = YES;
				CLANG_WARN_INT_CONVERSION = YES;
				CLANG_WARN_NON_LITERAL_NULL_CONVERSION = YES;
				CLANG_WARN_OBJC_IMPLICIT_RETAIN_SELF = YES;
				CLANG_WARN_OBJC_LITERAL_CONVERSION = YES;
				CLANG_WARN_OBJC_ROOT_CLASS = YES_ERROR;
				CLANG_WARN_RANGE_LOOP_ANALYSIS = YES;
				CLANG_WARN_STRICT_PROTOTYPES = YES;
				CLANG_WARN_SUSPICIOUS_MOVE = YES;
				CLANG_WARN_UNGUARDED_AVAILABILITY = YES_AGGRESSIVE;
				CLANG_WARN_UNREACHABLE_CODE = YES;
				CLANG_WARN__DUPLICATE_METHOD_MATCH = YES;
				COPY_PHASE_STRIP = NO;
				DEBUG_INFORMATION_FORMAT = dwarf;
				ENABLE_STRICT_OBJC_MSGSEND = YES;
				ENABLE_TESTABILITY = YES;
				GCC_C_LANGUAGE_STANDARD = gnu11;
				GCC_DYNAMIC_NO_PIC = NO;
				GCC_NO_COMMON_BLOCKS = YES;
				GCC_OPTIMIZATION_LEVEL = 0;
				GCC_PREPROCESSOR_DEFINITIONS = (
					"DEBUG=1",
					"$(inherited)",
				);
				GCC_WARN_64_TO_32_BIT_CONVERSION = YES;
				GCC_WARN_ABOUT_RETURN_TYPE = YES_ERROR;
				GCC_WARN_UNDECLARED_SELECTOR = YES;
				GCC_WARN_UNINITIALIZED_AUTOS = YES_AGGRESSIVE;
				GCC_WARN_UNUSED_FUNCTION = YES;
				GCC_WARN_UNUSED_VARIABLE = YES;
				IPHONEOS_DEPLOYMENT_TARGET = 13.2;
				MTL_ENABLE_DEBUG_INFO = INCLUDE_SOURCE;
				MTL_FAST_MATH = YES;
				ONLY_ACTIVE_ARCH = YES;
				SDKROOT = iphoneos;
				SWIFT_ACTIVE_COMPILATION_CONDITIONS = DEBUG;
				SWIFT_OPTIMIZATION_LEVEL = "-Onone";
			};
			name = Debug;
		};
		67ABE06D23EC63D5005A454E /* Release */ = {
			isa = XCBuildConfiguration;
			buildSettings = {
				ALWAYS_SEARCH_USER_PATHS = NO;
				CLANG_ANALYZER_NONNULL = YES;
				CLANG_ANALYZER_NUMBER_OBJECT_CONVERSION = YES_AGGRESSIVE;
				CLANG_CXX_LANGUAGE_STANDARD = "gnu++14";
				CLANG_CXX_LIBRARY = "libc++";
				CLANG_ENABLE_MODULES = YES;
				CLANG_ENABLE_OBJC_ARC = YES;
				CLANG_ENABLE_OBJC_WEAK = YES;
				CLANG_WARN_BLOCK_CAPTURE_AUTORELEASING = YES;
				CLANG_WARN_BOOL_CONVERSION = YES;
				CLANG_WARN_COMMA = YES;
				CLANG_WARN_CONSTANT_CONVERSION = YES;
				CLANG_WARN_DEPRECATED_OBJC_IMPLEMENTATIONS = YES;
				CLANG_WARN_DIRECT_OBJC_ISA_USAGE = YES_ERROR;
				CLANG_WARN_DOCUMENTATION_COMMENTS = YES;
				CLANG_WARN_EMPTY_BODY = YES;
				CLANG_WARN_ENUM_CONVERSION = YES;
				CLANG_WARN_INFINITE_RECURSION = YES;
				CLANG_WARN_INT_CONVERSION = YES;
				CLANG_WARN_NON_LITERAL_NULL_CONVERSION = YES;
				CLANG_WARN_OBJC_IMPLICIT_RETAIN_SELF = YES;
				CLANG_WARN_OBJC_LITERAL_CONVERSION = YES;
				CLANG_WARN_OBJC_ROOT_CLASS = YES_ERROR;
				CLANG_WARN_RANGE_LOOP_ANALYSIS = YES;
				CLANG_WARN_STRICT_PROTOTYPES = YES;
				CLANG_WARN_SUSPICIOUS_MOVE = YES;
				CLANG_WARN_UNGUARDED_AVAILABILITY = YES_AGGRESSIVE;
				CLANG_WARN_UNREACHABLE_CODE = YES;
				CLANG_WARN__DUPLICATE_METHOD_MATCH = YES;
				COPY_PHASE_STRIP = NO;
				DEBUG_INFORMATION_FORMAT = "dwarf-with-dsym";
				ENABLE_NS_ASSERTIONS = NO;
				ENABLE_STRICT_OBJC_MSGSEND = YES;
				GCC_C_LANGUAGE_STANDARD = gnu11;
				GCC_NO_COMMON_BLOCKS = YES;
				GCC_WARN_64_TO_32_BIT_CONVERSION = YES;
				GCC_WARN_ABOUT_RETURN_TYPE = YES_ERROR;
				GCC_WARN_UNDECLARED_SELECTOR = YES;
				GCC_WARN_UNINITIALIZED_AUTOS = YES_AGGRESSIVE;
				GCC_WARN_UNUSED_FUNCTION = YES;
				GCC_WARN_UNUSED_VARIABLE = YES;
				IPHONEOS_DEPLOYMENT_TARGET = 13.2;
				MTL_ENABLE_DEBUG_INFO = NO;
				MTL_FAST_MATH = YES;
				SDKROOT = iphoneos;
				SWIFT_COMPILATION_MODE = wholemodule;
				SWIFT_OPTIMIZATION_LEVEL = "-O";
				VALIDATE_PRODUCT = YES;
			};
			name = Release;
		};
		67ABE06F23EC63D5005A454E /* Debug */ = {
			isa = XCBuildConfiguration;
			buildSettings = {
				ASSETCATALOG_COMPILER_APPICON_NAME = AppIcon;
				CODE_SIGN_ENTITLEMENTS = "Digital Empire/Digital Empire.entitlements";
				"CODE_SIGN_IDENTITY[sdk=macosx*]" = "Apple Development";
				CODE_SIGN_STYLE = Automatic;
				DERIVE_MACCATALYST_PRODUCT_BUNDLE_IDENTIFIER = YES;
				DEVELOPMENT_TEAM = H3AB9CHSJ8;
				INFOPLIST_FILE = "Digital Empire/Info.plist";
				LD_RUNPATH_SEARCH_PATHS = (
					"$(inherited)",
					"@executable_path/Frameworks",
				);
				PRODUCT_BUNDLE_IDENTIFIER = "com.RichLife.Digital-Empire";
				PRODUCT_NAME = "$(TARGET_NAME)";
				SUPPORTS_MACCATALYST = YES;
				SWIFT_VERSION = 5.0;
				TARGETED_DEVICE_FAMILY = "1,2";
			};
			name = Debug;
		};
		67ABE07023EC63D5005A454E /* Release */ = {
			isa = XCBuildConfiguration;
			buildSettings = {
				ASSETCATALOG_COMPILER_APPICON_NAME = AppIcon;
				CODE_SIGN_ENTITLEMENTS = "Digital Empire/Digital Empire.entitlements";
				"CODE_SIGN_IDENTITY[sdk=macosx*]" = "Apple Development";
				CODE_SIGN_STYLE = Automatic;
				DERIVE_MACCATALYST_PRODUCT_BUNDLE_IDENTIFIER = YES;
				DEVELOPMENT_TEAM = H3AB9CHSJ8;
				INFOPLIST_FILE = "Digital Empire/Info.plist";
				LD_RUNPATH_SEARCH_PATHS = (
					"$(inherited)",
					"@executable_path/Frameworks",
				);
				PRODUCT_BUNDLE_IDENTIFIER = "com.RichLife.Digital-Empire";
				PRODUCT_NAME = "$(TARGET_NAME)";
				SUPPORTS_MACCATALYST = YES;
				SWIFT_VERSION = 5.0;
				TARGETED_DEVICE_FAMILY = "1,2";
			};
			name = Release;
		};
/* End XCBuildConfiguration section */

/* Begin XCConfigurationList section */
		67ABE05523EC63D0005A454E /* Build configuration list for PBXProject "Digital Empire" */ = {
			isa = XCConfigurationList;
			buildConfigurations = (
				67ABE06C23EC63D5005A454E /* Debug */,
				67ABE06D23EC63D5005A454E /* Release */,
			);
			defaultConfigurationIsVisible = 0;
			defaultConfigurationName = Release;
		};
		67ABE06E23EC63D5005A454E /* Build configuration list for PBXNativeTarget "Digital Empire" */ = {
			isa = XCConfigurationList;
			buildConfigurations = (
				67ABE06F23EC63D5005A454E /* Debug */,
				67ABE07023EC63D5005A454E /* Release */,
			);
			defaultConfigurationIsVisible = 0;
			defaultConfigurationName = Release;
		};
/* End XCConfigurationList section */
	};
	rootObject = 67ABE05223EC63D0005A454E /* Project object */;
}
